
Microsoft Visual Studio Solution File, Format Version 12.00
# Visual Studio Version 17
VisualStudioVersion = 17.5.33516.290
MinimumVisualStudioVersion = 10.0.40219.1
Project("{9A19103F-16F7-4668-BE54-9A1E7A4F7556}") = "byAnonymous", "byAnonymous.csproj", "{7903CBED-A16D-48FF-81D6-6520567928CE}"
EndProject
Global
	GlobalSection(SolutionConfigurationPlatforms) = preSolution
		Debug|Any CPU = Debug|Any CPU
		Release|Any CPU = Release|Any CPU
	EndGlobalSection
	GlobalSection(ProjectConfigurationPlatforms) = postSolution
		{7903CBED-A16D-48FF-81D6-6520567928CE}.Debug|Any CPU.ActiveCfg = Debug|Any CPU
		{7903CBED-A16D-48FF-81D6-6520567928CE}.Debug|Any CPU.Build.0 = Debug|Any CPU
		{7903CBED-A16D-48FF-81D6-6520567928CE}.Release|Any CPU.ActiveCfg = Release|Any CPU
		{7903CBED-A16D-48FF-81D6-6520567928CE}.Release|Any CPU.Build.0 = Release|Any CPU
	EndGlobalSection
	GlobalSection(SolutionProperties) = preSolution
		HideSolutionNode = FALSE
	EndGlobalSection
	GlobalSection(ExtensibilityGlobals) = postSolution
		SolutionGuid = {C9F47149-0A3A-46D8-ADDB-62C4B1E1B319}
	EndGlobalSection
EndGlobal
